
Microsoft Visual Studio Solution File, Format Version 12.00
# Visual Studio Version 16
VisualStudioVersion = 16.0.30114.105
MinimumVisualStudioVersion = 10.0.40219.1
Project("{FAE04EC0-301F-11D3-BF4B-00C04F79EFBC}") = "1.CustomArrayList", "1.CustomArrayList\1.CustomArrayList.csproj", "{F7F72A2A-93FB-41D1-A47B-22C616BA74A8}"
EndProject
Project("{FAE04EC0-301F-11D3-BF4B-00C04F79EFBC}") = "2.DynamicList", "2.DynamicList\2.DynamicList.csproj", "{B8402F4D-D38C-417F-B1D5-F4CB7FE2C155}"
EndProject
Global
	GlobalSection(SolutionConfigurationPlatforms) = preSolution
		Debug|Any CPU = Debug|Any CPU
		Release|Any CPU = Release|Any CPU
	EndGlobalSection
	GlobalSection(SolutionProperties) = preSolution
		HideSolutionNode = FALSE
	EndGlobalSection
	GlobalSection(ProjectConfigurationPlatforms) = postSolution
		{F7F72A2A-93FB-41D1-A47B-22C616BA74A8}.Debug|Any CPU.ActiveCfg = Debug|Any CPU
		{F7F72A2A-93FB-41D1-A47B-22C616BA74A8}.Debug|Any CPU.Build.0 = Debug|Any CPU
		{F7F72A2A-93FB-41D1-A47B-22C616BA74A8}.Release|Any CPU.ActiveCfg = Release|Any CPU
		{F7F72A2A-93FB-41D1-A47B-22C616BA74A8}.Release|Any CPU.Build.0 = Release|Any CPU
		{B8402F4D-D38C-417F-B1D5-F4CB7FE2C155}.Debug|Any CPU.ActiveCfg = Debug|Any CPU
		{B8402F4D-D38C-417F-B1D5-F4CB7FE2C155}.Debug|Any CPU.Build.0 = Debug|Any CPU
		{B8402F4D-D38C-417F-B1D5-F4CB7FE2C155}.Release|Any CPU.ActiveCfg = Release|Any CPU
		{B8402F4D-D38C-417F-B1D5-F4CB7FE2C155}.Release|Any CPU.Build.0 = Release|Any CPU
	EndGlobalSection
EndGlobal
